// !$*UTF8*$!
{
	archiveVersion = 1;
	classes = {
	};
	objectVersion = 50;
	objects = {

/* Begin PBXBuildFile section */
		651770B921E111520051F3E1 /* AppDelegate.swift in Sources */ = {isa = PBXBuildFile; fileRef = 651770B821E111520051F3E1 /* AppDelegate.swift */; };
		651770C021E111540051F3E1 /* Assets.xcassets in Resources */ = {isa = PBXBuildFile; fileRef = 651770BF21E111540051F3E1 /* Assets.xcassets */; };
		651770C321E111540051F3E1 /* LaunchScreen.storyboard in Resources */ = {isa = PBXBuildFile; fileRef = 651770C121E111540051F3E1 /* LaunchScreen.storyboard */; };
		652182A221E14C8E00F0BB70 /* UIColor+ThemeColors.swift in Sources */ = {isa = PBXBuildFile; fileRef = 652182A121E14C8E00F0BB70 /* UIColor+ThemeColors.swift */; };
		652BFDAA21E2ABEB00F4E58A /* SignUpController.swift in Sources */ = {isa = PBXBuildFile; fileRef = 652BFDA921E2ABEB00F4E58A /* SignUpController.swift */; };
		652BFDAC21E2AE5C00F4E58A /* MainTabBarController.swift in Sources */ = {isa = PBXBuildFile; fileRef = 652BFDAB21E2AE5C00F4E58A /* MainTabBarController.swift */; };
		652BFDAE21E2B54F00F4E58A /* UserProfileController.swift in Sources */ = {isa = PBXBuildFile; fileRef = 652BFDAD21E2B54F00F4E58A /* UserProfileController.swift */; };
		652BFDB121E2D7E300F4E58A /* UserProfileHeader.swift in Sources */ = {isa = PBXBuildFile; fileRef = 652BFDB021E2D7E300F4E58A /* UserProfileHeader.swift */; };
		6543DA1A21F3A3D1008988D8 /* UIView+Anchoring.swift in Sources */ = {isa = PBXBuildFile; fileRef = 6543DA1921F3A3D1008988D8 /* UIView+Anchoring.swift */; };
		6571980221E8164400A9D601 /* PhotoSelectorController.swift in Sources */ = {isa = PBXBuildFile; fileRef = 6571980121E8164400A9D601 /* PhotoSelectorController.swift */; };
		6571980421E82A2700A9D601 /* PhotoSelectorCell.swift in Sources */ = {isa = PBXBuildFile; fileRef = 6571980321E82A2700A9D601 /* PhotoSelectorCell.swift */; };
		65BC662F21EEA80300B0E199 /* HomeController.swift in Sources */ = {isa = PBXBuildFile; fileRef = 65BC662E21EEA80300B0E199 /* HomeController.swift */; };
		65BC663121EEA8D300B0E199 /* HomePostCell.swift in Sources */ = {isa = PBXBuildFile; fileRef = 65BC663021EEA8D300B0E199 /* HomePostCell.swift */; };
		65BC667121EED90300B0E199 /* User.swift in Sources */ = {isa = PBXBuildFile; fileRef = 65BC667021EED90300B0E199 /* User.swift */; };
		65D8901021ED861000CDC6A3 /* PhotoSelectionHeader.swift in Sources */ = {isa = PBXBuildFile; fileRef = 65D8900F21ED861000CDC6A3 /* PhotoSelectionHeader.swift */; };
		65D8901221ED8A1900CDC6A3 /* SharePhotoController.swift in Sources */ = {isa = PBXBuildFile; fileRef = 65D8901121ED8A1900CDC6A3 /* SharePhotoController.swift */; };
		65D8901521ED8C5C00CDC6A3 /* Posts.swift in Sources */ = {isa = PBXBuildFile; fileRef = 65D8901421ED8C5C00CDC6A3 /* Posts.swift */; };
		65D8901721ED8D7100CDC6A3 /* UserProfilePhotoCell.swift in Sources */ = {isa = PBXBuildFile; fileRef = 65D8901621ED8D7100CDC6A3 /* UserProfilePhotoCell.swift */; };
		65D8901921ED91AA00CDC6A3 /* CustomImageView.swift in Sources */ = {isa = PBXBuildFile; fileRef = 65D8901821ED91AA00CDC6A3 /* CustomImageView.swift */; };
		65DA67CD21E6E48C00338454 /* LoginController.swift in Sources */ = {isa = PBXBuildFile; fileRef = 65DA67CC21E6E48C00338454 /* LoginController.swift */; };
		65EC535421E1178C007D4BD0 /* UIColor+ConvenienceInits.swift in Sources */ = {isa = PBXBuildFile; fileRef = 65EC535321E1178C007D4BD0 /* UIColor+ConvenienceInits.swift */; };
		65EC535821E1318B007D4BD0 /* GoogleService-Info.plist in Resources */ = {isa = PBXBuildFile; fileRef = 65EC535721E1318B007D4BD0 /* GoogleService-Info.plist */; };
		A70EBE039797E2A4329D1686 /* Pods_InstagramClone.framework in Frameworks */ = {isa = PBXBuildFile; fileRef = 6047FDBBCD9AE18BA282DAEC /* Pods_InstagramClone.framework */; };
/* End PBXBuildFile section */

/* Begin PBXFileReference section */
		417E12ABAB3F44428847C768 /* Pods-InstagramClone.release.xcconfig */ = {isa = PBXFileReference; includeInIndex = 1; lastKnownFileType = text.xcconfig; name = "Pods-InstagramClone.release.xcconfig"; path = "Pods/Target Support Files/Pods-InstagramClone/Pods-InstagramClone.release.xcconfig"; sourceTree = "<group>"; };
		6047FDBBCD9AE18BA282DAEC /* Pods_InstagramClone.framework */ = {isa = PBXFileReference; explicitFileType = wrapper.framework; includeInIndex = 0; path = Pods_InstagramClone.framework; sourceTree = BUILT_PRODUCTS_DIR; };
		651770B521E111520051F3E1 /* InstagramClone.app */ = {isa = PBXFileReference; explicitFileType = wrapper.application; includeInIndex = 0; path = InstagramClone.app; sourceTree = BUILT_PRODUCTS_DIR; };
		651770B821E111520051F3E1 /* AppDelegate.swift */ = {isa = PBXFileReference; lastKnownFileType = sourcecode.swift; path = AppDelegate.swift; sourceTree = "<group>"; };
		651770BF21E111540051F3E1 /* Assets.xcassets */ = {isa = PBXFileReference; lastKnownFileType = folder.assetcatalog; path = Assets.xcassets; sourceTree = "<group>"; };
		651770C221E111540051F3E1 /* Base */ = {isa = PBXFileReference; lastKnownFileType = file.storyboard; name = Base; path = Base.lproj/LaunchScreen.storyboard; sourceTree = "<group>"; };
		651770C421E111540051F3E1 /* Info.plist */ = {isa = PBXFileReference; lastKnownFileType = text.plist.xml; path = Info.plist; sourceTree = "<group>"; };
		652182A121E14C8E00F0BB70 /* UIColor+ThemeColors.swift */ = {isa = PBXFileReference; lastKnownFileType = sourcecode.swift; path = "UIColor+ThemeColors.swift"; sourceTree = "<group>"; };
		652BFDA921E2ABEB00F4E58A /* SignUpController.swift */ = {isa = PBXFileReference; lastKnownFileType = sourcecode.swift; path = SignUpController.swift; sourceTree = "<group>"; };
		652BFDAB21E2AE5C00F4E58A /* MainTabBarController.swift */ = {isa = PBXFileReference; lastKnownFileType = sourcecode.swift; path = MainTabBarController.swift; sourceTree = "<group>"; };
		652BFDAD21E2B54F00F4E58A /* UserProfileController.swift */ = {isa = PBXFileReference; lastKnownFileType = sourcecode.swift; path = UserProfileController.swift; sourceTree = "<group>"; };
		652BFDB021E2D7E300F4E58A /* UserProfileHeader.swift */ = {isa = PBXFileReference; lastKnownFileType = sourcecode.swift; path = UserProfileHeader.swift; sourceTree = "<group>"; };
		6543DA1921F3A3D1008988D8 /* UIView+Anchoring.swift */ = {isa = PBXFileReference; fileEncoding = 4; lastKnownFileType = sourcecode.swift; path = "UIView+Anchoring.swift"; sourceTree = "<group>"; };
		6571980121E8164400A9D601 /* PhotoSelectorController.swift */ = {isa = PBXFileReference; lastKnownFileType = sourcecode.swift; path = PhotoSelectorController.swift; sourceTree = "<group>"; };
		6571980321E82A2700A9D601 /* PhotoSelectorCell.swift */ = {isa = PBXFileReference; lastKnownFileType = sourcecode.swift; path = PhotoSelectorCell.swift; sourceTree = "<group>"; };
		65BC662E21EEA80300B0E199 /* HomeController.swift */ = {isa = PBXFileReference; lastKnownFileType = sourcecode.swift; path = HomeController.swift; sourceTree = "<group>"; };
		65BC663021EEA8D300B0E199 /* HomePostCell.swift */ = {isa = PBXFileReference; lastKnownFileType = sourcecode.swift; path = HomePostCell.swift; sourceTree = "<group>"; };
		65BC667021EED90300B0E199 /* User.swift */ = {isa = PBXFileReference; lastKnownFileType = sourcecode.swift; path = User.swift; sourceTree = "<group>"; };
		65D8900F21ED861000CDC6A3 /* PhotoSelectionHeader.swift */ = {isa = PBXFileReference; lastKnownFileType = sourcecode.swift; path = PhotoSelectionHeader.swift; sourceTree = "<group>"; };
		65D8901121ED8A1900CDC6A3 /* SharePhotoController.swift */ = {isa = PBXFileReference; lastKnownFileType = sourcecode.swift; path = SharePhotoController.swift; sourceTree = "<group>"; };
		65D8901421ED8C5C00CDC6A3 /* Posts.swift */ = {isa = PBXFileReference; lastKnownFileType = sourcecode.swift; path = Posts.swift; sourceTree = "<group>"; };
		65D8901621ED8D7100CDC6A3 /* UserProfilePhotoCell.swift */ = {isa = PBXFileReference; lastKnownFileType = sourcecode.swift; path = UserProfilePhotoCell.swift; sourceTree = "<group>"; };
		65D8901821ED91AA00CDC6A3 /* CustomImageView.swift */ = {isa = PBXFileReference; lastKnownFileType = sourcecode.swift; path = CustomImageView.swift; sourceTree = "<group>"; };
		65DA67CC21E6E48C00338454 /* LoginController.swift */ = {isa = PBXFileReference; lastKnownFileType = sourcecode.swift; path = LoginController.swift; sourceTree = "<group>"; };
		65EC535321E1178C007D4BD0 /* UIColor+ConvenienceInits.swift */ = {isa = PBXFileReference; lastKnownFileType = sourcecode.swift; path = "UIColor+ConvenienceInits.swift"; sourceTree = "<group>"; };
		65EC535721E1318B007D4BD0 /* GoogleService-Info.plist */ = {isa = PBXFileReference; fileEncoding = 4; lastKnownFileType = text.plist.xml; path = "GoogleService-Info.plist"; sourceTree = "<group>"; };
		DAB35E292CF6DF17EF4C9DF3 /* Pods-InstagramClone.debug.xcconfig */ = {isa = PBXFileReference; includeInIndex = 1; lastKnownFileType = text.xcconfig; name = "Pods-InstagramClone.debug.xcconfig"; path = "Pods/Target Support Files/Pods-InstagramClone/Pods-InstagramClone.debug.xcconfig"; sourceTree = "<group>"; };
/* End PBXFileReference section */

/* Begin PBXFrameworksBuildPhase section */
		651770B221E111520051F3E1 /* Frameworks */ = {
			isa = PBXFrameworksBuildPhase;
			buildActionMask = 2147483647;
			files = (
				A70EBE039797E2A4329D1686 /* Pods_InstagramClone.framework in Frameworks */,
			);
			runOnlyForDeploymentPostprocessing = 0;
		};
/* End PBXFrameworksBuildPhase section */

/* Begin PBXGroup section */
		282438ED0E89CAA3FD524C24 /* Frameworks */ = {
			isa = PBXGroup;
			children = (
				6047FDBBCD9AE18BA282DAEC /* Pods_InstagramClone.framework */,
			);
			name = Frameworks;
			sourceTree = "<group>";
		};
		651770AC21E111520051F3E1 = {
			isa = PBXGroup;
			children = (
				651770B721E111520051F3E1 /* InstagramClone */,
				651770B621E111520051F3E1 /* Products */,
				F4B8EEE4610D499A36F2EAE4 /* Pods */,
				282438ED0E89CAA3FD524C24 /* Frameworks */,
			);
			sourceTree = "<group>";
		};
		651770B621E111520051F3E1 /* Products */ = {
			isa = PBXGroup;
			children = (
				651770B521E111520051F3E1 /* InstagramClone.app */,
			);
			name = Products;
			sourceTree = "<group>";
		};
		651770B721E111520051F3E1 /* InstagramClone */ = {
			isa = PBXGroup;
			children = (
				65BC662D21EEA7F500B0E199 /* Home */,
				65D8901321ED8C4900CDC6A3 /* models */,
				6571980021E8163500A9D601 /* AddPhoto */,
				65DA67CB21E6E48200338454 /* Login */,
				652BFDAF21E2D7A600F4E58A /* UserProfile */,
				65EC535221E1176D007D4BD0 /* Utils */,
				651770B821E111520051F3E1 /* AppDelegate.swift */,
				651770BF21E111540051F3E1 /* Assets.xcassets */,
				651770C121E111540051F3E1 /* LaunchScreen.storyboard */,
				651770C421E111540051F3E1 /* Info.plist */,
				65EC535721E1318B007D4BD0 /* GoogleService-Info.plist */,
				652BFDAB21E2AE5C00F4E58A /* MainTabBarController.swift */,
			);
			path = InstagramClone;
			sourceTree = "<group>";
		};
		652BFDAF21E2D7A600F4E58A /* UserProfile */ = {
			isa = PBXGroup;
			children = (
				652BFDAD21E2B54F00F4E58A /* UserProfileController.swift */,
				652BFDB021E2D7E300F4E58A /* UserProfileHeader.swift */,
				65D8901621ED8D7100CDC6A3 /* UserProfilePhotoCell.swift */,
			);
			path = UserProfile;
			sourceTree = "<group>";
		};
		6571980021E8163500A9D601 /* AddPhoto */ = {
			isa = PBXGroup;
			children = (
				6571980121E8164400A9D601 /* PhotoSelectorController.swift */,
				6571980321E82A2700A9D601 /* PhotoSelectorCell.swift */,
				65D8900F21ED861000CDC6A3 /* PhotoSelectionHeader.swift */,
				65D8901121ED8A1900CDC6A3 /* SharePhotoController.swift */,
			);
			path = AddPhoto;
			sourceTree = "<group>";
		};
		65BC662D21EEA7F500B0E199 /* Home */ = {
			isa = PBXGroup;
			children = (
				65BC662E21EEA80300B0E199 /* HomeController.swift */,
				65BC663021EEA8D300B0E199 /* HomePostCell.swift */,
			);
			path = Home;
			sourceTree = "<group>";
		};
		65D8901321ED8C4900CDC6A3 /* models */ = {
			isa = PBXGroup;
			children = (
				65D8901421ED8C5C00CDC6A3 /* Posts.swift */,
				65BC667021EED90300B0E199 /* User.swift */,
			);
			path = models;
			sourceTree = "<group>";
		};
		65DA67CB21E6E48200338454 /* Login */ = {
			isa = PBXGroup;
			children = (
				652BFDA921E2ABEB00F4E58A /* SignUpController.swift */,
				65DA67CC21E6E48C00338454 /* LoginController.swift */,
			);
			path = Login;
			sourceTree = "<group>";
		};
		65EC535221E1176D007D4BD0 /* Utils */ = {
			isa = PBXGroup;
			children = (
				6543DA1921F3A3D1008988D8 /* UIView+Anchoring.swift */,
				65EC535321E1178C007D4BD0 /* UIColor+ConvenienceInits.swift */,
				652182A121E14C8E00F0BB70 /* UIColor+ThemeColors.swift */,
				65D8901821ED91AA00CDC6A3 /* CustomImageView.swift */,
			);
			path = Utils;
			sourceTree = "<group>";
		};
		F4B8EEE4610D499A36F2EAE4 /* Pods */ = {
			isa = PBXGroup;
			children = (
				DAB35E292CF6DF17EF4C9DF3 /* Pods-InstagramClone.debug.xcconfig */,
				417E12ABAB3F44428847C768 /* Pods-InstagramClone.release.xcconfig */,
			);
			name = Pods;
			sourceTree = "<group>";
		};
/* End PBXGroup section */

/* Begin PBXNativeTarget section */
		651770B421E111520051F3E1 /* InstagramClone */ = {
			isa = PBXNativeTarget;
			buildConfigurationList = 651770C721E111540051F3E1 /* Build configuration list for PBXNativeTarget "InstagramClone" */;
			buildPhases = (
				A30003F7F541762991BB32F7 /* [CP] Check Pods Manifest.lock */,
				651770B121E111520051F3E1 /* Sources */,
				651770B221E111520051F3E1 /* Frameworks */,
				651770B321E111520051F3E1 /* Resources */,
				4FB1801B99C0BED5AD86669F /* [CP] Embed Pods Frameworks */,
			);
			buildRules = (
			);
			dependencies = (
			);
			name = InstagramClone;
			productName = InstagramClone;
			productReference = 651770B521E111520051F3E1 /* InstagramClone.app */;
			productType = "com.apple.product-type.application";
		};
/* End PBXNativeTarget section */

/* Begin PBXProject section */
		651770AD21E111520051F3E1 /* Project object */ = {
			isa = PBXProject;
			attributes = {
				LastSwiftUpdateCheck = 1010;
				LastUpgradeCheck = 1010;
				ORGANIZATIONNAME = "Daniel Peach";
				TargetAttributes = {
					651770B421E111520051F3E1 = {
						CreatedOnToolsVersion = 10.1;
					};
				};
			};
			buildConfigurationList = 651770B021E111520051F3E1 /* Build configuration list for PBXProject "InstagramClone" */;
			compatibilityVersion = "Xcode 9.3";
			developmentRegion = en;
			hasScannedForEncodings = 0;
			knownRegions = (
				en,
				Base,
			);
			mainGroup = 651770AC21E111520051F3E1;
			productRefGroup = 651770B621E111520051F3E1 /* Products */;
			projectDirPath = "";
			projectRoot = "";
			targets = (
				651770B421E111520051F3E1 /* InstagramClone */,
			);
		};
/* End PBXProject section */

/* Begin PBXResourcesBuildPhase section */
		651770B321E111520051F3E1 /* Resources */ = {
			isa = PBXResourcesBuildPhase;
			buildActionMask = 2147483647;
			files = (
				651770C321E111540051F3E1 /* LaunchScreen.storyboard in Resources */,
				65EC535821E1318B007D4BD0 /* GoogleService-Info.plist in Resources */,
				651770C021E111540051F3E1 /* Assets.xcassets in Resources */,
			);
			runOnlyForDeploymentPostprocessing = 0;
		};
/* End PBXResourcesBuildPhase section */

/* Begin PBXShellScriptBuildPhase section */
		4FB1801B99C0BED5AD86669F /* [CP] Embed Pods Frameworks */ = {
			isa = PBXShellScriptBuildPhase;
			buildActionMask = 2147483647;
			files = (
			);
			inputFileListPaths = (
			);
			inputPaths = (
				"${SRCROOT}/Pods/Target Support Files/Pods-InstagramClone/Pods-InstagramClone-frameworks.sh",
				"${BUILT_PRODUCTS_DIR}/GTMSessionFetcher/GTMSessionFetcher.framework",
				"${BUILT_PRODUCTS_DIR}/GoogleUtilities/GoogleUtilities.framework",
				"${BUILT_PRODUCTS_DIR}/leveldb-library/leveldb.framework",
				"${BUILT_PRODUCTS_DIR}/nanopb/nanopb.framework",
			);
			name = "[CP] Embed Pods Frameworks";
			outputFileListPaths = (
			);
			outputPaths = (
				"${TARGET_BUILD_DIR}/${FRAMEWORKS_FOLDER_PATH}/GTMSessionFetcher.framework",
				"${TARGET_BUILD_DIR}/${FRAMEWORKS_FOLDER_PATH}/GoogleUtilities.framework",
				"${TARGET_BUILD_DIR}/${FRAMEWORKS_FOLDER_PATH}/leveldb.framework",
				"${TARGET_BUILD_DIR}/${FRAMEWORKS_FOLDER_PATH}/nanopb.framework",
			);
			runOnlyForDeploymentPostprocessing = 0;
			shellPath = /bin/sh;
			shellScript = "\"${SRCROOT}/Pods/Target Support Files/Pods-InstagramClone/Pods-InstagramClone-frameworks.sh\"\n";
			showEnvVarsInLog = 0;
		};
		A30003F7F541762991BB32F7 /* [CP] Check Pods Manifest.lock */ = {
			isa = PBXShellScriptBuildPhase;
			buildActionMask = 2147483647;
			files = (
			);
			inputFileListPaths = (
			);
			inputPaths = (
				"${PODS_PODFILE_DIR_PATH}/Podfile.lock",
				"${PODS_ROOT}/Manifest.lock",
			);
			name = "[CP] Check Pods Manifest.lock";
			outputFileListPaths = (
			);
			outputPaths = (
				"$(DERIVED_FILE_DIR)/Pods-InstagramClone-checkManifestLockResult.txt",
			);
			runOnlyForDeploymentPostprocessing = 0;
			shellPath = /bin/sh;
			shellScript = "diff \"${PODS_PODFILE_DIR_PATH}/Podfile.lock\" \"${PODS_ROOT}/Manifest.lock\" > /dev/null\nif [ $? != 0 ] ; then\n    # print error to STDERR\n    echo \"error: The sandbox is not in sync with the Podfile.lock. Run 'pod install' or update your CocoaPods installation.\" >&2\n    exit 1\nfi\n# This output is used by Xcode 'outputs' to avoid re-running this script phase.\necho \"SUCCESS\" > \"${SCRIPT_OUTPUT_FILE_0}\"\n";
			showEnvVarsInLog = 0;
		};
/* End PBXShellScriptBuildPhase section */

/* Begin PBXSourcesBuildPhase section */
		651770B121E111520051F3E1 /* Sources */ = {
			isa = PBXSourcesBuildPhase;
			buildActionMask = 2147483647;
			files = (
				6571980421E82A2700A9D601 /* PhotoSelectorCell.swift in Sources */,
				65D8901521ED8C5C00CDC6A3 /* Posts.swift in Sources */,
				65BC663121EEA8D300B0E199 /* HomePostCell.swift in Sources */,
				652BFDAA21E2ABEB00F4E58A /* SignUpController.swift in Sources */,
				652182A221E14C8E00F0BB70 /* UIColor+ThemeColors.swift in Sources */,
				652BFDAC21E2AE5C00F4E58A /* MainTabBarController.swift in Sources */,
				65D8901921ED91AA00CDC6A3 /* CustomImageView.swift in Sources */,
				65D8901721ED8D7100CDC6A3 /* UserProfilePhotoCell.swift in Sources */,
				6543DA1A21F3A3D1008988D8 /* UIView+Anchoring.swift in Sources */,
				652BFDB121E2D7E300F4E58A /* UserProfileHeader.swift in Sources */,
				65BC662F21EEA80300B0E199 /* HomeController.swift in Sources */,
				65EC535421E1178C007D4BD0 /* UIColor+ConvenienceInits.swift in Sources */,
				6571980221E8164400A9D601 /* PhotoSelectorController.swift in Sources */,
				652BFDAE21E2B54F00F4E58A /* UserProfileController.swift in Sources */,
				65D8901221ED8A1900CDC6A3 /* SharePhotoController.swift in Sources */,
				65DA67CD21E6E48C00338454 /* LoginController.swift in Sources */,
				65D8901021ED861000CDC6A3 /* PhotoSelectionHeader.swift in Sources */,
				651770B921E111520051F3E1 /* AppDelegate.swift in Sources */,
				65BC667121EED90300B0E199 /* User.swift in Sources */,
			);
			runOnlyForDeploymentPostprocessing = 0;
		};
/* End PBXSourcesBuildPhase section */

/* Begin PBXVariantGroup section */
		651770C121E111540051F3E1 /* LaunchScreen.storyboard */ = {
			isa = PBXVariantGroup;
			children = (
				651770C221E111540051F3E1 /* Base */,
			);
			name = LaunchScreen.storyboard;
			sourceTree = "<group>";
		};
/* End PBXVariantGroup section */

/* Begin XCBuildConfiguration section */
		651770C521E111540051F3E1 /* Debug */ = {
			isa = XCBuildConfiguration;
			buildSettings = {
				ALWAYS_SEARCH_USER_PATHS = NO;
				CLANG_ANALYZER_NONNULL = YES;
				CLANG_ANALYZER_NUMBER_OBJECT_CONVERSION = YES_AGGRESSIVE;
				CLANG_CXX_LANGUAGE_STANDARD = "gnu++14";
				CLANG_CXX_LIBRARY = "libc++";
				CLANG_ENABLE_MODULES = YES;
				CLANG_ENABLE_OBJC_ARC = YES;
				CLANG_ENABLE_OBJC_WEAK = YES;
				CLANG_WARN_BLOCK_CAPTURE_AUTORELEASING = YES;
				CLANG_WARN_BOOL_CONVERSION = YES;
				CLANG_WARN_COMMA = YES;
				CLANG_WARN_CONSTANT_CONVERSION = YES;
				CLANG_WARN_DEPRECATED_OBJC_IMPLEMENTATIONS = YES;
				CLANG_WARN_DIRECT_OBJC_ISA_USAGE = YES_ERROR;
				CLANG_WARN_DOCUMENTATION_COMMENTS = YES;
				CLANG_WARN_EMPTY_BODY = YES;
				CLANG_WARN_ENUM_CONVERSION = YES;
				CLANG_WARN_INFINITE_RECURSION = YES;
				CLANG_WARN_INT_CONVERSION = YES;
				CLANG_WARN_NON_LITERAL_NULL_CONVERSION = YES;
				CLANG_WARN_OBJC_IMPLICIT_RETAIN_SELF = YES;
				CLANG_WARN_OBJC_LITERAL_CONVERSION = YES;
				CLANG_WARN_OBJC_ROOT_CLASS = YES_ERROR;
				CLANG_WARN_RANGE_LOOP_ANALYSIS = YES;
				CLANG_WARN_STRICT_PROTOTYPES = YES;
				CLANG_WARN_SUSPICIOUS_MOVE = YES;
				CLANG_WARN_UNGUARDED_AVAILABILITY = YES_AGGRESSIVE;
				CLANG_WARN_UNREACHABLE_CODE = YES;
				CLANG_WARN__DUPLICATE_METHOD_MATCH = YES;
				CODE_SIGN_IDENTITY = "iPhone Developer";
				COPY_PHASE_STRIP = NO;
				DEBUG_INFORMATION_FORMAT = dwarf;
				ENABLE_STRICT_OBJC_MSGSEND = YES;
				ENABLE_TESTABILITY = YES;
				GCC_C_LANGUAGE_STANDARD = gnu11;
				GCC_DYNAMIC_NO_PIC = NO;
				GCC_NO_COMMON_BLOCKS = YES;
				GCC_OPTIMIZATION_LEVEL = 0;
				GCC_PREPROCESSOR_DEFINITIONS = (
					"DEBUG=1",
					"$(inherited)",
				);
				GCC_WARN_64_TO_32_BIT_CONVERSION = YES;
				GCC_WARN_ABOUT_RETURN_TYPE = YES_ERROR;
				GCC_WARN_UNDECLARED_SELECTOR = YES;
				GCC_WARN_UNINITIALIZED_AUTOS = YES_AGGRESSIVE;
				GCC_WARN_UNUSED_FUNCTION = YES;
				GCC_WARN_UNUSED_VARIABLE = YES;
				IPHONEOS_DEPLOYMENT_TARGET = 12.1;
				MTL_ENABLE_DEBUG_INFO = INCLUDE_SOURCE;
				MTL_FAST_MATH = YES;
				ONLY_ACTIVE_ARCH = YES;
				SDKROOT = iphoneos;
				SWIFT_ACTIVE_COMPILATION_CONDITIONS = DEBUG;
				SWIFT_OPTIMIZATION_LEVEL = "-Onone";
			};
			name = Debug;
		};
		651770C621E111540051F3E1 /* Release */ = {
			isa = XCBuildConfiguration;
			buildSettings = {
				ALWAYS_SEARCH_USER_PATHS = NO;
				CLANG_ANALYZER_NONNULL = YES;
				CLANG_ANALYZER_NUMBER_OBJECT_CONVERSION = YES_AGGRESSIVE;
				CLANG_CXX_LANGUAGE_STANDARD = "gnu++14";
				CLANG_CXX_LIBRARY = "libc++";
				CLANG_ENABLE_MODULES = YES;
				CLANG_ENABLE_OBJC_ARC = YES;
				CLANG_ENABLE_OBJC_WEAK = YES;
				CLANG_WARN_BLOCK_CAPTURE_AUTORELEASING = YES;
				CLANG_WARN_BOOL_CONVERSION = YES;
				CLANG_WARN_COMMA = YES;
				CLANG_WARN_CONSTANT_CONVERSION = YES;
				CLANG_WARN_DEPRECATED_OBJC_IMPLEMENTATIONS = YES;
				CLANG_WARN_DIRECT_OBJC_ISA_USAGE = YES_ERROR;
				CLANG_WARN_DOCUMENTATION_COMMENTS = YES;
				CLANG_WARN_EMPTY_BODY = YES;
				CLANG_WARN_ENUM_CONVERSION = YES;
				CLANG_WARN_INFINITE_RECURSION = YES;
				CLANG_WARN_INT_CONVERSION = YES;
				CLANG_WARN_NON_LITERAL_NULL_CONVERSION = YES;
				CLANG_WARN_OBJC_IMPLICIT_RETAIN_SELF = YES;
				CLANG_WARN_OBJC_LITERAL_CONVERSION = YES;
				CLANG_WARN_OBJC_ROOT_CLASS = YES_ERROR;
				CLANG_WARN_RANGE_LOOP_ANALYSIS = YES;
				CLANG_WARN_STRICT_PROTOTYPES = YES;
				CLANG_WARN_SUSPICIOUS_MOVE = YES;
				CLANG_WARN_UNGUARDED_AVAILABILITY = YES_AGGRESSIVE;
				CLANG_WARN_UNREACHABLE_CODE = YES;
				CLANG_WARN__DUPLICATE_METHOD_MATCH = YES;
				CODE_SIGN_IDENTITY = "iPhone Developer";
				COPY_PHASE_STRIP = NO;
				DEBUG_INFORMATION_FORMAT = "dwarf-with-dsym";
				ENABLE_NS_ASSERTIONS = NO;
				ENABLE_STRICT_OBJC_MSGSEND = YES;
				GCC_C_LANGUAGE_STANDARD = gnu11;
				GCC_NO_COMMON_BLOCKS = YES;
				GCC_WARN_64_TO_32_BIT_CONVERSION = YES;
				GCC_WARN_ABOUT_RETURN_TYPE = YES_ERROR;
				GCC_WARN_UNDECLARED_SELECTOR = YES;
				GCC_WARN_UNINITIALIZED_AUTOS = YES_AGGRESSIVE;
				GCC_WARN_UNUSED_FUNCTION = YES;
				GCC_WARN_UNUSED_VARIABLE = YES;
				IPHONEOS_DEPLOYMENT_TARGET = 12.1;
				MTL_ENABLE_DEBUG_INFO = NO;
				MTL_FAST_MATH = YES;
				SDKROOT = iphoneos;
				SWIFT_COMPILATION_MODE = wholemodule;
				SWIFT_OPTIMIZATION_LEVEL = "-O";
				VALIDATE_PRODUCT = YES;
			};
			name = Release;
		};
		651770C821E111540051F3E1 /* Debug */ = {
			isa = XCBuildConfiguration;
			baseConfigurationReference = DAB35E292CF6DF17EF4C9DF3 /* Pods-InstagramClone.debug.xcconfig */;
			buildSettings = {
				ASSETCATALOG_COMPILER_APPICON_NAME = AppIcon;
				CODE_SIGN_STYLE = Automatic;
				DEVELOPMENT_TEAM = 4262P57PZB;
				INFOPLIST_FILE = InstagramClone/Info.plist;
				LD_RUNPATH_SEARCH_PATHS = (
					"$(inherited)",
					"@executable_path/Frameworks",
				);
				PRODUCT_BUNDLE_IDENTIFIER = com.danielpeach.InstagramClone;
				PRODUCT_NAME = "$(TARGET_NAME)";
				SWIFT_VERSION = 4.2;
				TARGETED_DEVICE_FAMILY = "1,2";
			};
			name = Debug;
		};
		651770C921E111540051F3E1 /* Release */ = {
			isa = XCBuildConfiguration;
			baseConfigurationReference = 417E12ABAB3F44428847C768 /* Pods-InstagramClone.release.xcconfig */;
			buildSettings = {
				ASSETCATALOG_COMPILER_APPICON_NAME = AppIcon;
				CODE_SIGN_STYLE = Automatic;
				DEVELOPMENT_TEAM = 4262P57PZB;
				INFOPLIST_FILE = InstagramClone/Info.plist;
				LD_RUNPATH_SEARCH_PATHS = (
					"$(inherited)",
					"@executable_path/Frameworks",
				);
				PRODUCT_BUNDLE_IDENTIFIER = com.danielpeach.InstagramClone;
				PRODUCT_NAME = "$(TARGET_NAME)";
				SWIFT_VERSION = 4.2;
				TARGETED_DEVICE_FAMILY = "1,2";
			};
			name = Release;
		};
/* End XCBuildConfiguration section */

/* Begin XCConfigurationList section */
		651770B021E111520051F3E1 /* Build configuration list for PBXProject "InstagramClone" */ = {
			isa = XCConfigurationList;
			buildConfigurations = (
				651770C521E111540051F3E1 /* Debug */,
				651770C621E111540051F3E1 /* Release */,
			);
			defaultConfigurationIsVisible = 0;
			defaultConfigurationName = Release;
		};
		651770C721E111540051F3E1 /* Build configuration list for PBXNativeTarget "InstagramClone" */ = {
			isa = XCConfigurationList;
			buildConfigurations = (
				651770C821E111540051F3E1 /* Debug */,
				651770C921E111540051F3E1 /* Release */,
			);
			defaultConfigurationIsVisible = 0;
			defaultConfigurationName = Release;
		};
/* End XCConfigurationList section */
	};
	rootObject = 651770AD21E111520051F3E1 /* Project object */;
}
